
Microsoft Visual Studio Solution File, Format Version 12.00
# Visual Studio Version 16
VisualStudioVersion = 16.0.31019.35
MinimumVisualStudioVersion = 10.0.40219.1
Project("{FAE04EC0-301F-11D3-BF4B-00C04F79EFBC}") = "CollectionDependencyProperties", "CollectionDependencyProperties\CollectionDependencyProperties.csproj", "{57135924-C974-400D-9192-08DD4ADFC517}"
EndProject
Global
	GlobalSection(SolutionConfigurationPlatforms) = preSolution
		Debug|Any CPU = Debug|Any CPU
		Release|Any CPU = Release|Any CPU
	EndGlobalSection
	GlobalSection(ProjectConfigurationPlatforms) = postSolution
		{57135924-C974-400D-9192-08DD4ADFC517}.Debug|Any CPU.ActiveCfg = Debug|Any CPU
		{57135924-C974-400D-9192-08DD4ADFC517}.Debug|Any CPU.Build.0 = Debug|Any CPU
		{57135924-C974-400D-9192-08DD4ADFC517}.Release|Any CPU.ActiveCfg = Release|Any CPU
		{57135924-C974-400D-9192-08DD4ADFC517}.Release|Any CPU.Build.0 = Release|Any CPU
	EndGlobalSection
	GlobalSection(SolutionProperties) = preSolution
		HideSolutionNode = FALSE
	EndGlobalSection
	GlobalSection(ExtensibilityGlobals) = postSolution
		SolutionGuid = {ACB8031F-F14D-4449-A4D2-C57893A78C2E}
	EndGlobalSection
EndGlobal
